# This file is automatically @generated by Poetry 1.6.1 and should not be changed by hand.

[[package]]
name = "levenshtein"
version = "0.24.0"
description = "Python extension for computing string edit distances and similarities."
optional = false
python-versions = ">=3.8"
files = [
    {file = "Levenshtein-0.24.0-cp310-cp310-macosx_10_9_universal2.whl", hash = "sha256:5bff001ba5edfcf632560e0843d9f1ccab874a8776c30025bbdad4345891b4c9"},
    {file = "Levenshtein-0.24.0-cp310-cp310-macosx_10_9_x86_64.whl", hash = "sha256:55e4676a5b6cde331ce3483cd7862dcd58f4fb3c4d2eded1934b00c176320324"},
    {file = "Levenshtein-0.24.0-cp310-cp310-macosx_11_0_arm64.whl", hash = "sha256:6f7fb893187ef35d911490d6b9dbf7b0ed21b4c1f31468a2f1d7980b37f182eb"},
    {file = "Levenshtein-0.24.0-cp310-cp310-manylinux_2_17_aarch64.manylinux2014_aarch64.whl", hash = "sha256:a475a61eed02e8bd07f779d3246f987a4330d4ad16d117e08dff2dba091984d9"},
    {file = "Levenshtein-0.24.0-cp310-cp310-manylinux_2_17_ppc64le.manylinux2014_ppc64le.whl", hash = "sha256:042ad920544dbed0b29950b52bd24170aa8c4a01f5046f485e530a483e9af1c0"},
    {file = "Levenshtein-0.24.0-cp310-cp310-manylinux_2_17_s390x.manylinux2014_s390x.whl", hash = "sha256:4e856b22f570991f2e9f3c82ab349aeb90843876636b13edcf770b946f56fbfe"},
    {file = "Levenshtein-0.24.0-cp310-cp310-manylinux_2_17_x86_64.manylinux2014_x86_64.whl", hash = "sha256:a1fbf7113aa71483053cd927741aa89957c8d1cce1757f00dfcb9c609c9317b8"},
    {file = "Levenshtein-0.24.0-cp310-cp310-manylinux_2_5_i686.manylinux1_i686.manylinux_2_17_i686.manylinux2014_i686.whl", hash = "sha256:81d542ebb10a2e83608c3cb57500f348f0f300cf9bd64b108eb34029b18351d9"},
    {file = "Levenshtein-0.24.0-cp310-cp310-musllinux_1_1_aarch64.whl", hash = "sha256:951b07179ba6cdd903e0f63027661034a29a568197d59473da9f68d4d97761d8"},
    {file = "Levenshtein-0.24.0-cp310-cp310-musllinux_1_1_i686.whl", hash = "sha256:d44e983a5c4120da921d892050e32e9c4ff6fc60d206ce44d1bcc65cbff51f2f"},
    {file = "Levenshtein-0.24.0-cp310-cp310-musllinux_1_1_ppc64le.whl", hash = "sha256:c440a27ee1bfe63ffd7caa228b75ffac82ba2338473197a8826026e979b9281b"},
    {file = "Levenshtein-0.24.0-cp310-cp310-musllinux_1_1_s390x.whl", hash = "sha256:dccc42d90924b1488a69b9bdd3250c6f977e4cca9cff664fb8734956a01cca34"},
    {file = "Levenshtein-0.24.0-cp310-cp310-musllinux_1_1_x86_64.whl", hash = "sha256:bf3152ce6923f5827bf4b24ab9be8bb2a8576a0b656b1aca47ed262e308c4dd3"},
    {file = "Levenshtein-0.24.0-cp310-cp310-win32.whl", hash = "sha256:18431eef98194254dda8e8e91f9abdea4f9ceeeda729aff2ba7ab9980dc3d984"},
    {file = "Levenshtein-0.24.0-cp310-cp310-win_amd64.whl", hash = "sha256:d9feef328de5f39b68795bbe7d5b9fc92b95d34a3720614c1684a1b991a0aa4f"},
    {file = "Levenshtein-0.24.0-cp310-cp310-win_arm64.whl", hash = "sha256:2c12be1e026496d7a261edc2fff2ddc05b36484cf00b9ae0f6b1f4b33d2d1775"},
    {file = "Levenshtein-0.24.0-cp311-cp311-macosx_10_9_universal2.whl", hash = "sha256:7614d077c9c0e9eeadc6923f589e8ce4c50d5277012d35928c747f5b35b9d535"},
    {file = "Levenshtein-0.24.0-cp311-cp311-macosx_10_9_x86_64.whl", hash = "sha256:23b6712bbcc844f922b148463485f1de34f3c69bcd1e7df664c477718526b933"},
    {file = "Levenshtein-0.24.0-cp311-cp311-macosx_11_0_arm64.whl", hash = "sha256:0fcb5f941cc94b339cfbf1edd6a077c214cf30f93920552b44a4515b7d2b5b40"},
    {file = "Levenshtein-0.24.0-cp311-cp311-manylinux_2_17_aarch64.manylinux2014_aarch64.whl", hash = "sha256:3f611755384ec658cc4dd8ebe2d1fd8def57d9ea89685f31341ca928b9eac674"},
    {file = "Levenshtein-0.24.0-cp311-cp311-manylinux_2_17_ppc64le.manylinux2014_ppc64le.whl", hash = "sha256:c003e5e8140bf31cc487283ed3c7edd7444aceedf9980388661bc594f87d1244"},
    {file = "Levenshtein-0.24.0-cp311-cp311-manylinux_2_17_s390x.manylinux2014_s390x.whl", hash = "sha256:44fd4b3f88af58edcfba35b12f189c2e9380f3a48fecc8707c1511ac7acf8757"},
    {file = "Levenshtein-0.24.0-cp311-cp311-manylinux_2_17_x86_64.manylinux2014_x86_64.whl", hash = "sha256:7fcf49de3ea0a1fc53f58878b6330f14779f1da2c5a69eb5e1f8d0b18a2f0bbb"},
    {file = "Levenshtein-0.24.0-cp311-cp311-manylinux_2_5_i686.manylinux1_i686.manylinux_2_17_i686.manylinux2014_i686.whl", hash = "sha256:598b4dfb7b95914fb8389acfc97b94373ba4a2d1756d2f9711e9d9113eeaa436"},
    {file = "Levenshtein-0.24.0-cp311-cp311-musllinux_1_1_aarch64.whl", hash = "sha256:0da21e303bda4887c5e4d9b0b24424f50d963ffdab79c456e1b47e8f0cd6141e"},
    {file = "Levenshtein-0.24.0-cp311-cp311-musllinux_1_1_i686.whl", hash = "sha256:0134c7c0942d9d89923f5b20e437a4dc00ff448e47100d3da254518bea348fc9"},
    {file = "Levenshtein-0.24.0-cp311-cp311-musllinux_1_1_ppc64le.whl", hash = "sha256:58e14117c86b7c33315e448610ab70ba34f41476b6784141aeabff5cf90a5736"},
    {file = "Levenshtein-0.24.0-cp311-cp311-musllinux_1_1_s390x.whl", hash = "sha256:8982669a679bee243dc813551254b31ecc148ee230757c9e6179f85f3e4f3cf2"},
    {file = "Levenshtein-0.24.0-cp311-cp311-musllinux_1_1_x86_64.whl", hash = "sha256:0727e03527a952ead76727304d8ec673636a25ce0d867d81bf04c652f4a928e2"},
    {file = "Levenshtein-0.24.0-cp311-cp311-win32.whl", hash = "sha256:80aa2c01ac5207ff005d3ea4ab5d65ca7e00d9b9a97893ca10fa6546317893a9"},
    {file = "Levenshtein-0.24.0-cp311-cp311-win_amd64.whl", hash = "sha256:4ba8b9c3fd5083a7d8a5b28423a083a116697e53eac23f2b85804353f9bbaaee"},
    {file = "Levenshtein-0.24.0-cp311-cp311-win_arm64.whl", hash = "sha256:0d8f275016b606ef85f7b5ac00b3f82779ef894e760a5da4c57867dab7affb73"},
    {file = "Levenshtein-0.24.0-cp312-cp312-macosx_10_9_universal2.whl", hash = "sha256:98bd3aa83551d22c18b101bf820bd72f6ee3f71be6ae4ac4eeb1d232d2f05a87"},
    {file = "Levenshtein-0.24.0-cp312-cp312-macosx_10_9_x86_64.whl", hash = "sha256:ca03ea4609a0ec3a06a57dff7e4311c690f7b8281af6062c23ebd79dfa8961a3"},
    {file = "Levenshtein-0.24.0-cp312-cp312-macosx_11_0_arm64.whl", hash = "sha256:a799395d22267ebbc591407eed3e3cb62d9f24cba33e3d3dfec28969d14865c5"},
    {file = "Levenshtein-0.24.0-cp312-cp312-manylinux_2_17_aarch64.manylinux2014_aarch64.whl", hash = "sha256:24fb6e42f8c411b052cbfa745684b7beffc27c2a16d8be46d4beee151c657898"},
    {file = "Levenshtein-0.24.0-cp312-cp312-manylinux_2_17_ppc64le.manylinux2014_ppc64le.whl", hash = "sha256:13ed45e77b2f61eb081a3130cb758589fa53f56a3c76a14bf5230eb7ade9ee61"},
    {file = "Levenshtein-0.24.0-cp312-cp312-manylinux_2_17_s390x.manylinux2014_s390x.whl", hash = "sha256:d6b7a01bc434ce87e2785da51d8c568801afef5112215b5d6bb6e0c589cacb04"},
    {file = "Levenshtein-0.24.0-cp312-cp312-manylinux_2_17_x86_64.manylinux2014_x86_64.whl", hash = "sha256:97f1ba9a84dae8a4d36dfc3fc81eaee41cf5215fb1716f22c1a6b0c6878d2fa4"},
    {file = "Levenshtein-0.24.0-cp312-cp312-manylinux_2_5_i686.manylinux1_i686.manylinux_2_17_i686.manylinux2014_i686.whl", hash = "sha256:ddc2ccb91a35271b625bf05fc8cb350cc531df00d1f7e3b79a752eaf142b3425"},
    {file = "Levenshtein-0.24.0-cp312-cp312-musllinux_1_1_aarch64.whl", hash = "sha256:2af8eca734dc067ad8806d73f8b4596eb5c8642953b6e83e9fcc18f85d9d664c"},
    {file = "Levenshtein-0.24.0-cp312-cp312-musllinux_1_1_i686.whl", hash = "sha256:5ef80249ace0c9c927db0057712ea6725b79576c747e282d59bd190c446eb19c"},
    {file = "Levenshtein-0.24.0-cp312-cp312-musllinux_1_1_ppc64le.whl", hash = "sha256:214504d8bae60f9cd654362ed59b19c5c1f569e2cd0dbf38494c0ea2e5576d11"},
    {file = "Levenshtein-0.24.0-cp312-cp312-musllinux_1_1_s390x.whl", hash = "sha256:3eb5ccd0b0f6453ca0d775c36eb687a3ff7d4239fa37f7d5384ca1805b7c278f"},
    {file = "Levenshtein-0.24.0-cp312-cp312-musllinux_1_1_x86_64.whl", hash = "sha256:de13a0c8aa49cbb436e9ddb65c96f79814da89250f7994494753d5122cb85e97"},
    {file = "Levenshtein-0.24.0-cp312-cp312-win32.whl", hash = "sha256:c91130765011e880e94430f5cd72ca855f429a5e42a0813718a4b2145ab8da26"},
    {file = "Levenshtein-0.24.0-cp312-cp312-win_amd64.whl", hash = "sha256:c3fb6647a4f8430088619825628f594348a14e7b4be1cf4de3e72494c1104552"},
    {file = "Levenshtein-0.24.0-cp312-cp312-win_arm64.whl", hash = "sha256:c66bfad51e71d4df8dbafe56bd8f3e49554c31cdd86839e735ba02d943b764f7"},
    {file = "Levenshtein-0.24.0-cp38-cp38-macosx_10_9_universal2.whl", hash = "sha256:25bb9ecfe1b9cdfbf0fda650a3cf0a4137a070164f8a1b983b1baecf97da6d93"},
    {file = "Levenshtein-0.24.0-cp38-cp38-macosx_10_9_x86_64.whl", hash = "sha256:770aeae22c181402e9bc9e10c8fee24d70cc4ec7f38cd1f2c5aedacddee157a0"},
    {file = "Levenshtein-0.24.0-cp38-cp38-macosx_11_0_arm64.whl", hash = "sha256:e713a10982c944c4a92a62cbedcd65058511fd33104385adff863c9eaac3882e"},
    {file = "Levenshtein-0.24.0-cp38-cp38-manylinux_2_17_aarch64.manylinux2014_aarch64.whl", hash = "sha256:f4a4d514b8b30d7cc1e8b15e81b9695d5f30f39952f257e1e8f24b838e6b102a"},
    {file = "Levenshtein-0.24.0-cp38-cp38-manylinux_2_17_ppc64le.manylinux2014_ppc64le.whl", hash = "sha256:ec9aa857b96f1b0e18af641b56329932e6bb04bf2ce99bc8c8f3b2820b7b704b"},
    {file = "Levenshtein-0.24.0-cp38-cp38-manylinux_2_17_s390x.manylinux2014_s390x.whl", hash = "sha256:40dcf41927a48aeba1c879ab9794113b214f9275b6372d0bb10ee2f07c94fb68"},
    {file = "Levenshtein-0.24.0-cp38-cp38-manylinux_2_17_x86_64.manylinux2014_x86_64.whl", hash = "sha256:bc66309c19ecd12dace6170746c449e51d266ef3243673d21f221d8e464cb683"},
    {file = "Levenshtein-0.24.0-cp38-cp38-manylinux_2_5_i686.manylinux1_i686.manylinux_2_17_i686.manylinux2014_i686.whl", hash = "sha256:0833836a5741bfceb67c710bd6368b5a5315da9a8950bda5ffbd8ded1aace56e"},
    {file = "Levenshtein-0.24.0-cp38-cp38-musllinux_1_1_aarch64.whl", hash = "sha256:aeae28552a6aedaf6cd7c4111a15b22f3246bf885fb918f420995cabe21058cc"},
    {file = "Levenshtein-0.24.0-cp38-cp38-musllinux_1_1_i686.whl", hash = "sha256:f32f8e77a1ce17b0cb502bdbf7756ff204124d0b37ad091bcaa117e0926c5c82"},
    {file = "Levenshtein-0.24.0-cp38-cp38-musllinux_1_1_ppc64le.whl", hash = "sha256:37ce96068ce24423ddb869adb2a6562630652868698932fe2e0e02ccc5d8f56e"},
    {file = "Levenshtein-0.24.0-cp38-cp38-musllinux_1_1_s390x.whl", hash = "sha256:780644075108e349f58cfd3ecbb917598186f08ca366f106f05f8a8d2822454a"},
    {file = "Levenshtein-0.24.0-cp38-cp38-musllinux_1_1_x86_64.whl", hash = "sha256:3ef431af9bcb4fd79bbf44f9b16b755ea74ecfcc5ec5727904c4544069b9cf82"},
    {file = "Levenshtein-0.24.0-cp38-cp38-win32.whl", hash = "sha256:a2cb7b1cbbab0810f80eda12897e5c5a2cffc07f279e115dcf293863311d72b2"},
    {file = "Levenshtein-0.24.0-cp38-cp38-win_amd64.whl", hash = "sha256:6b1a704559893efd217d1c59c20d980b97551480cf646961362f5a07206eb80a"},
    {file = "Levenshtein-0.24.0-cp39-cp39-macosx_10_9_universal2.whl", hash = "sha256:a564b93fb845b1b1caf03628357300d3b228be17f5bd8f338d470a91b2963989"},
    {file = "Levenshtein-0.24.0-cp39-cp39-macosx_10_9_x86_64.whl", hash = "sha256:8de6fe37c9be5da21f13345a0c57f3ebdf8b6d9f3d8e8e326541b1b2566f6421"},
    {file = "Levenshtein-0.24.0-cp39-cp39-macosx_11_0_arm64.whl", hash = "sha256:559dca81c5717d4ac1ffdc6959d007cf2914194f27afdaa5907ded6680720537"},
    {file = "Levenshtein-0.24.0-cp39-cp39-manylinux_2_17_aarch64.manylinux2014_aarch64.whl", hash = "sha256:cbf164f896e6ee9b6dd03a0173a299cda8137dbd625baeb441a1b00197e71eb4"},
    {file = "Levenshtein-0.24.0-cp39-cp39-manylinux_2_17_ppc64le.manylinux2014_ppc64le.whl", hash = "sha256:dd815f679c05225e667148cd702632552d56d55cc6c215ca8f1147e4c5f05f98"},
    {file = "Levenshtein-0.24.0-cp39-cp39-manylinux_2_17_s390x.manylinux2014_s390x.whl", hash = "sha256:0c8dc9346d016638ecb565fa00bf9227d14047c60acc38d9aba8f17b49c44809"},
    {file = "Levenshtein-0.24.0-cp39-cp39-manylinux_2_17_x86_64.manylinux2014_x86_64.whl", hash = "sha256:1e7765f2793af58dfc34949e21378c181374bb7e95787bf8dd39da14e37bc18f"},
    {file = "Levenshtein-0.24.0-cp39-cp39-manylinux_2_5_i686.manylinux1_i686.manylinux_2_17_i686.manylinux2014_i686.whl", hash = "sha256:2a3eaedf4b0f5ae0c9d798bb1debea27ee555733048610ce83dd89511d469a52"},
    {file = "Levenshtein-0.24.0-cp39-cp39-musllinux_1_1_aarch64.whl", hash = "sha256:ce6a3cb5e50c2028fa91a5ab3418b194cb8596cedd859d1bab5b8ca8ea56ab19"},
    {file = "Levenshtein-0.24.0-cp39-cp39-musllinux_1_1_i686.whl", hash = "sha256:f319af67483978f8536eaa3abbefe540d1d1e59729fcb882a3126a311480f0cd"},
    {file = "Levenshtein-0.24.0-cp39-cp39-musllinux_1_1_ppc64le.whl", hash = "sha256:aaf7fedae112417b3015ad237c30fbbb7787cbc4dd53c886c6118439b1ae1314"},
    {file = "Levenshtein-0.24.0-cp39-cp39-musllinux_1_1_s390x.whl", hash = "sha256:57df7e6b5f719bc53be27f1b932437608e25f2fbc75aa6e14e9696abf023b3b2"},
    {file = "Levenshtein-0.24.0-cp39-cp39-musllinux_1_1_x86_64.whl", hash = "sha256:c85a3c172cf49935c41c9132e511836a489febc3a557ad80ed2c1ebcc6f3ab0e"},
    {file = "Levenshtein-0.24.0-cp39-cp39-win32.whl", hash = "sha256:a93ae01e1c2dc1f5ca42e4597a25fc4544afb2a580c61f13d4716314d7ff3480"},
    {file = "Levenshtein-0.24.0-cp39-cp39-win_amd64.whl", hash = "sha256:c228b8e3be9913deab16bf4f17a07b99034df58a3b0e161ad04995694b7dfda2"},
    {file = "Levenshtein-0.24.0-cp39-cp39-win_arm64.whl", hash = "sha256:75aa294bfd4f43373c76e792296eb45a2ca6477937196a03779b620d3276673f"},
    {file = "Levenshtein-0.24.0-pp38-pypy38_pp73-macosx_10_9_x86_64.whl", hash = "sha256:15c4a6dc9c25cfb02ae96031702ce88ff25ed9e3dd7357bb3ac89c13f4faa50d"},
    {file = "Levenshtein-0.24.0-pp38-pypy38_pp73-manylinux_2_17_aarch64.manylinux2014_aarch64.whl", hash = "sha256:8d3f811cac76099f1f329ec10ac6b8b5402a1e202393f561c47c33c4c610b4f1"},
    {file = "Levenshtein-0.24.0-pp38-pypy38_pp73-manylinux_2_17_x86_64.manylinux2014_x86_64.whl", hash = "sha256:678aca306e1811e4cf57e6b8dd2041785f087e459d2dd9ec1a68e691fe595cb5"},
    {file = "Levenshtein-0.24.0-pp38-pypy38_pp73-manylinux_2_5_i686.manylinux1_i686.manylinux_2_17_i686.manylinux2014_i686.whl", hash = "sha256:f3e4c2f6fe12f33f895ade893151a3b1356bfbb41499a5249063ab73b59296f0"},
    {file = "Levenshtein-0.24.0-pp38-pypy38_pp73-win_amd64.whl", hash = "sha256:8cd4647eff7ffc43a46fea9fecbe312980bf4bf2fd73bc11f0f1f4567f17143f"},
    {file = "Levenshtein-0.24.0-pp39-pypy39_pp73-macosx_10_9_x86_64.whl", hash = "sha256:5d0b8d44a9666ac28badecf938bb069b4ebd2a4c0e7fcfd80b56c856bb9251c7"},
    {file = "Levenshtein-0.24.0-pp39-pypy39_pp73-manylinux_2_17_aarch64.manylinux2014_aarch64.whl", hash = "sha256:ac823793cbd850984740c7e2d553ebd2684f4404045a4f87af23c48dd62dc3ab"},
    {file = "Levenshtein-0.24.0-pp39-pypy39_pp73-manylinux_2_17_x86_64.manylinux2014_x86_64.whl", hash = "sha256:f81cb7582b6bc263ba29a5960bfac82a8967ae94923e23f496db500a0da28fe2"},
    {file = "Levenshtein-0.24.0-pp39-pypy39_pp73-manylinux_2_5_i686.manylinux1_i686.manylinux_2_17_i686.manylinux2014_i686.whl", hash = "sha256:bdf0d19ae6f76e1048a44298b394f897910723ae732eb8c98c705a6eba02138e"},
    {file = "Levenshtein-0.24.0-pp39-pypy39_pp73-win_amd64.whl", hash = "sha256:12c915d89ba3ade46877c351ea48c6eec1f3f53af1fe2d57b8715e18e686940e"},
    {file = "Levenshtein-0.24.0.tar.gz", hash = "sha256:0cbcf3c9a7c77de3a405bfc857ab94341b4049e8c5c6b917f5ffcd5a92ff169a"},
]

[package.dependencies]
rapidfuzz = ">=3.1.0,<4.0.0"

[[package]]
name = "rapidfuzz"
version = "3.6.1"
description = "rapid fuzzy string matching"
optional = false
python-versions = ">=3.8"
files = [
    {file = "rapidfuzz-3.6.1-cp310-cp310-macosx_10_9_universal2.whl", hash = "sha256:ac434fc71edda30d45db4a92ba5e7a42c7405e1a54cb4ec01d03cc668c6dcd40"},
    {file = "rapidfuzz-3.6.1-cp310-cp310-macosx_10_9_x86_64.whl", hash = "sha256:2a791168e119cfddf4b5a40470620c872812042f0621e6a293983a2d52372db0"},
    {file = "rapidfuzz-3.6.1-cp310-cp310-macosx_11_0_arm64.whl", hash = "sha256:5a2f3e9df346145c2be94e4d9eeffb82fab0cbfee85bd4a06810e834fe7c03fa"},
    {file = "rapidfuzz-3.6.1-cp310-cp310-manylinux_2_17_aarch64.manylinux2014_aarch64.whl", hash = "sha256:23de71e7f05518b0bbeef55d67b5dbce3bcd3e2c81e7e533051a2e9401354eb0"},
    {file = "rapidfuzz-3.6.1-cp310-cp310-manylinux_2_17_i686.manylinux2014_i686.whl", hash = "sha256:d056e342989248d2bdd67f1955bb7c3b0ecfa239d8f67a8dfe6477b30872c607"},
    {file = "rapidfuzz-3.6.1-cp310-cp310-manylinux_2_17_ppc64le.manylinux2014_ppc64le.whl", hash = "sha256:01835d02acd5d95c1071e1da1bb27fe213c84a013b899aba96380ca9962364bc"},
    {file = "rapidfuzz-3.6.1-cp310-cp310-manylinux_2_17_s390x.manylinux2014_s390x.whl", hash = "sha256:ed0f712e0bb5fea327e92aec8a937afd07ba8de4c529735d82e4c4124c10d5a0"},
    {file = "rapidfuzz-3.6.1-cp310-cp310-manylinux_2_17_x86_64.manylinux2014_x86_64.whl", hash = "sha256:96cd19934f76a1264e8ecfed9d9f5291fde04ecb667faef5f33bdbfd95fe2d1f"},
    {file = "rapidfuzz-3.6.1-cp310-cp310-musllinux_1_1_aarch64.whl", hash = "sha256:e06c4242a1354cf9d48ee01f6f4e6e19c511d50bb1e8d7d20bcadbb83a2aea90"},
    {file = "rapidfuzz-3.6.1-cp310-cp310-musllinux_1_1_i686.whl", hash = "sha256:d73dcfe789d37c6c8b108bf1e203e027714a239e50ad55572ced3c004424ed3b"},
    {file = "rapidfuzz-3.6.1-cp310-cp310-musllinux_1_1_ppc64le.whl", hash = "sha256:06e98ff000e2619e7cfe552d086815671ed09b6899408c2c1b5103658261f6f3"},
    {file = "rapidfuzz-3.6.1-cp310-cp310-musllinux_1_1_s390x.whl", hash = "sha256:08b6fb47dd889c69fbc0b915d782aaed43e025df6979b6b7f92084ba55edd526"},
    {file = "rapidfuzz-3.6.1-cp310-cp310-musllinux_1_1_x86_64.whl", hash = "sha256:a1788ebb5f5b655a15777e654ea433d198f593230277e74d51a2a1e29a986283"},
    {file = "rapidfuzz-3.6.1-cp310-cp310-win32.whl", hash = "sha256:c65f92881753aa1098c77818e2b04a95048f30edbe9c3094dc3707d67df4598b"},
    {file = "rapidfuzz-3.6.1-cp310-cp310-win_amd64.whl", hash = "sha256:4243a9c35667a349788461aae6471efde8d8800175b7db5148a6ab929628047f"},
    {file = "rapidfuzz-3.6.1-cp310-cp310-win_arm64.whl", hash = "sha256:f59d19078cc332dbdf3b7b210852ba1f5db8c0a2cd8cc4c0ed84cc00c76e6802"},
    {file = "rapidfuzz-3.6.1-cp311-cp311-macosx_10_9_universal2.whl", hash = "sha256:fbc07e2e4ac696497c5f66ec35c21ddab3fc7a406640bffed64c26ab2f7ce6d6"},
    {file = "rapidfuzz-3.6.1-cp311-cp311-macosx_10_9_x86_64.whl", hash = "sha256:40cced1a8852652813f30fb5d4b8f9b237112a0bbaeebb0f4cc3611502556764"},
    {file = "rapidfuzz-3.6.1-cp311-cp311-macosx_11_0_arm64.whl", hash = "sha256:82300e5f8945d601c2daaaac139d5524d7c1fdf719aa799a9439927739917460"},
    {file = "rapidfuzz-3.6.1-cp311-cp311-manylinux_2_17_aarch64.manylinux2014_aarch64.whl", hash = "sha256:edf97c321fd641fea2793abce0e48fa4f91f3c202092672f8b5b4e781960b891"},
    {file = "rapidfuzz-3.6.1-cp311-cp311-manylinux_2_17_i686.manylinux2014_i686.whl", hash = "sha256:7420e801b00dee4a344ae2ee10e837d603461eb180e41d063699fb7efe08faf0"},
    {file = "rapidfuzz-3.6.1-cp311-cp311-manylinux_2_17_ppc64le.manylinux2014_ppc64le.whl", hash = "sha256:060bd7277dc794279fa95522af355034a29c90b42adcb7aa1da358fc839cdb11"},
    {file = "rapidfuzz-3.6.1-cp311-cp311-manylinux_2_17_s390x.manylinux2014_s390x.whl", hash = "sha256:b7e3375e4f2bfec77f907680328e4cd16cc64e137c84b1886d547ab340ba6928"},
    {file = "rapidfuzz-3.6.1-cp311-cp311-manylinux_2_17_x86_64.manylinux2014_x86_64.whl", hash = "sha256:a490cd645ef9d8524090551016f05f052e416c8adb2d8b85d35c9baa9d0428ab"},
    {file = "rapidfuzz-3.6.1-cp311-cp311-musllinux_1_1_aarch64.whl", hash = "sha256:2e03038bfa66d2d7cffa05d81c2f18fd6acbb25e7e3c068d52bb7469e07ff382"},
    {file = "rapidfuzz-3.6.1-cp311-cp311-musllinux_1_1_i686.whl", hash = "sha256:2b19795b26b979c845dba407fe79d66975d520947b74a8ab6cee1d22686f7967"},
    {file = "rapidfuzz-3.6.1-cp311-cp311-musllinux_1_1_ppc64le.whl", hash = "sha256:064c1d66c40b3a0f488db1f319a6e75616b2e5fe5430a59f93a9a5e40a656d15"},
    {file = "rapidfuzz-3.6.1-cp311-cp311-musllinux_1_1_s390x.whl", hash = "sha256:3c772d04fb0ebeece3109d91f6122b1503023086a9591a0b63d6ee7326bd73d9"},
    {file = "rapidfuzz-3.6.1-cp311-cp311-musllinux_1_1_x86_64.whl", hash = "sha256:841eafba6913c4dfd53045835545ba01a41e9644e60920c65b89c8f7e60c00a9"},
    {file = "rapidfuzz-3.6.1-cp311-cp311-win32.whl", hash = "sha256:266dd630f12696ea7119f31d8b8e4959ef45ee2cbedae54417d71ae6f47b9848"},
    {file = "rapidfuzz-3.6.1-cp311-cp311-win_amd64.whl", hash = "sha256:d79aec8aeee02ab55d0ddb33cea3ecd7b69813a48e423c966a26d7aab025cdfe"},
    {file = "rapidfuzz-3.6.1-cp311-cp311-win_arm64.whl", hash = "sha256:484759b5dbc5559e76fefaa9170147d1254468f555fd9649aea3bad46162a88b"},
    {file = "rapidfuzz-3.6.1-cp312-cp312-macosx_10_9_universal2.whl", hash = "sha256:b2ef4c0fd3256e357b70591ffb9e8ed1d439fb1f481ba03016e751a55261d7c1"},
    {file = "rapidfuzz-3.6.1-cp312-cp312-macosx_10_9_x86_64.whl", hash = "sha256:588c4b20fa2fae79d60a4e438cf7133d6773915df3cc0a7f1351da19eb90f720"},
    {file = "rapidfuzz-3.6.1-cp312-cp312-macosx_11_0_arm64.whl", hash = "sha256:7142ee354e9c06e29a2636b9bbcb592bb00600a88f02aa5e70e4f230347b373e"},
    {file = "rapidfuzz-3.6.1-cp312-cp312-manylinux_2_17_aarch64.manylinux2014_aarch64.whl", hash = "sha256:1dfc557c0454ad22382373ec1b7df530b4bbd974335efe97a04caec936f2956a"},
    {file = "rapidfuzz-3.6.1-cp312-cp312-manylinux_2_17_i686.manylinux2014_i686.whl", hash = "sha256:03f73b381bdeccb331a12c3c60f1e41943931461cdb52987f2ecf46bfc22f50d"},
    {file = "rapidfuzz-3.6.1-cp312-cp312-manylinux_2_17_ppc64le.manylinux2014_ppc64le.whl", hash = "sha256:6b0ccc2ec1781c7e5370d96aef0573dd1f97335343e4982bdb3a44c133e27786"},
    {file = "rapidfuzz-3.6.1-cp312-cp312-manylinux_2_17_s390x.manylinux2014_s390x.whl", hash = "sha256:da3e8c9f7e64bb17faefda085ff6862ecb3ad8b79b0f618a6cf4452028aa2222"},
    {file = "rapidfuzz-3.6.1-cp312-cp312-manylinux_2_17_x86_64.manylinux2014_x86_64.whl", hash = "sha256:fde9b14302a31af7bdafbf5cfbb100201ba21519be2b9dedcf4f1048e4fbe65d"},
    {file = "rapidfuzz-3.6.1-cp312-cp312-musllinux_1_1_aarch64.whl", hash = "sha256:c1a23eee225dfb21c07f25c9fcf23eb055d0056b48e740fe241cbb4b22284379"},
    {file = "rapidfuzz-3.6.1-cp312-cp312-musllinux_1_1_i686.whl", hash = "sha256:e49b9575d16c56c696bc7b06a06bf0c3d4ef01e89137b3ddd4e2ce709af9fe06"},
    {file = "rapidfuzz-3.6.1-cp312-cp312-musllinux_1_1_ppc64le.whl", hash = "sha256:0a9fc714b8c290261669f22808913aad49553b686115ad0ee999d1cb3df0cd66"},
    {file = "rapidfuzz-3.6.1-cp312-cp312-musllinux_1_1_s390x.whl", hash = "sha256:a3ee4f8f076aa92184e80308fc1a079ac356b99c39408fa422bbd00145be9854"},
    {file = "rapidfuzz-3.6.1-cp312-cp312-musllinux_1_1_x86_64.whl", hash = "sha256:f056ba42fd2f32e06b2c2ba2443594873cfccc0c90c8b6327904fc2ddf6d5799"},
    {file = "rapidfuzz-3.6.1-cp312-cp312-win32.whl", hash = "sha256:5d82b9651e3d34b23e4e8e201ecd3477c2baa17b638979deeabbb585bcb8ba74"},
    {file = "rapidfuzz-3.6.1-cp312-cp312-win_amd64.whl", hash = "sha256:dad55a514868dae4543ca48c4e1fc0fac704ead038dafedf8f1fc0cc263746c1"},
    {file = "rapidfuzz-3.6.1-cp312-cp312-win_arm64.whl", hash = "sha256:3c84294f4470fcabd7830795d754d808133329e0a81d62fcc2e65886164be83b"},
    {file = "rapidfuzz-3.6.1-cp38-cp38-macosx_10_9_universal2.whl", hash = "sha256:e19d519386e9db4a5335a4b29f25b8183a1c3f78cecb4c9c3112e7f86470e37f"},
    {file = "rapidfuzz-3.6.1-cp38-cp38-macosx_10_9_x86_64.whl", hash = "sha256:01eb03cd880a294d1bf1a583fdd00b87169b9cc9c9f52587411506658c864d73"},
    {file = "rapidfuzz-3.6.1-cp38-cp38-macosx_11_0_arm64.whl", hash = "sha256:be368573255f8fbb0125a78330a1a40c65e9ba3c5ad129a426ff4289099bfb41"},
    {file = "rapidfuzz-3.6.1-cp38-cp38-manylinux_2_17_aarch64.manylinux2014_aarch64.whl", hash = "sha256:b3e5af946f419c30f5cb98b69d40997fe8580efe78fc83c2f0f25b60d0e56efb"},
    {file = "rapidfuzz-3.6.1-cp38-cp38-manylinux_2_17_i686.manylinux2014_i686.whl", hash = "sha256:f382f7ffe384ce34345e1c0b2065451267d3453cadde78946fbd99a59f0cc23c"},
    {file = "rapidfuzz-3.6.1-cp38-cp38-manylinux_2_17_ppc64le.manylinux2014_ppc64le.whl", hash = "sha256:be156f51f3a4f369e758505ed4ae64ea88900dcb2f89d5aabb5752676d3f3d7e"},
    {file = "rapidfuzz-3.6.1-cp38-cp38-manylinux_2_17_s390x.manylinux2014_s390x.whl", hash = "sha256:1936d134b6c513fbe934aeb668b0fee1ffd4729a3c9d8d373f3e404fbb0ce8a0"},
    {file = "rapidfuzz-3.6.1-cp38-cp38-manylinux_2_17_x86_64.manylinux2014_x86_64.whl", hash = "sha256:12ff8eaf4a9399eb2bebd838f16e2d1ded0955230283b07376d68947bbc2d33d"},
    {file = "rapidfuzz-3.6.1-cp38-cp38-musllinux_1_1_aarch64.whl", hash = "sha256:ae598a172e3a95df3383634589660d6b170cc1336fe7578115c584a99e0ba64d"},
    {file = "rapidfuzz-3.6.1-cp38-cp38-musllinux_1_1_i686.whl", hash = "sha256:cd4ba4c18b149da11e7f1b3584813159f189dc20833709de5f3df8b1342a9759"},
    {file = "rapidfuzz-3.6.1-cp38-cp38-musllinux_1_1_ppc64le.whl", hash = "sha256:0402f1629e91a4b2e4aee68043a30191e5e1b7cd2aa8dacf50b1a1bcf6b7d3ab"},
    {file = "rapidfuzz-3.6.1-cp38-cp38-musllinux_1_1_s390x.whl", hash = "sha256:1e12319c6b304cd4c32d5db00b7a1e36bdc66179c44c5707f6faa5a889a317c0"},
    {file = "rapidfuzz-3.6.1-cp38-cp38-musllinux_1_1_x86_64.whl", hash = "sha256:0bbfae35ce4de4c574b386c43c78a0be176eeddfdae148cb2136f4605bebab89"},
    {file = "rapidfuzz-3.6.1-cp38-cp38-win32.whl", hash = "sha256:7fec74c234d3097612ea80f2a80c60720eec34947066d33d34dc07a3092e8105"},
    {file = "rapidfuzz-3.6.1-cp38-cp38-win_amd64.whl", hash = "sha256:a553cc1a80d97459d587529cc43a4c7c5ecf835f572b671107692fe9eddf3e24"},
    {file = "rapidfuzz-3.6.1-cp39-cp39-macosx_10_9_universal2.whl", hash = "sha256:757dfd7392ec6346bd004f8826afb3bf01d18a723c97cbe9958c733ab1a51791"},
    {file = "rapidfuzz-3.6.1-cp39-cp39-macosx_10_9_x86_64.whl", hash = "sha256:2963f4a3f763870a16ee076796be31a4a0958fbae133dbc43fc55c3968564cf5"},
    {file = "rapidfuzz-3.6.1-cp39-cp39-macosx_11_0_arm64.whl", hash = "sha256:d2f0274595cc5b2b929c80d4e71b35041104b577e118cf789b3fe0a77b37a4c5"},
    {file = "rapidfuzz-3.6.1-cp39-cp39-manylinux_2_17_aarch64.manylinux2014_aarch64.whl", hash = "sha256:42f211e366e026de110a4246801d43a907cd1a10948082f47e8a4e6da76fef52"},
    {file = "rapidfuzz-3.6.1-cp39-cp39-manylinux_2_17_i686.manylinux2014_i686.whl", hash = "sha256:a59472b43879012b90989603aa5a6937a869a72723b1bf2ff1a0d1edee2cc8e6"},
    {file = "rapidfuzz-3.6.1-cp39-cp39-manylinux_2_17_ppc64le.manylinux2014_ppc64le.whl", hash = "sha256:a03863714fa6936f90caa7b4b50ea59ea32bb498cc91f74dc25485b3f8fccfe9"},
    {file = "rapidfuzz-3.6.1-cp39-cp39-manylinux_2_17_s390x.manylinux2014_s390x.whl", hash = "sha256:5dd95b6b7bfb1584f806db89e1e0c8dbb9d25a30a4683880c195cc7f197eaf0c"},
    {file = "rapidfuzz-3.6.1-cp39-cp39-manylinux_2_17_x86_64.manylinux2014_x86_64.whl", hash = "sha256:7183157edf0c982c0b8592686535c8b3e107f13904b36d85219c77be5cefd0d8"},
    {file = "rapidfuzz-3.6.1-cp39-cp39-musllinux_1_1_aarch64.whl", hash = "sha256:ad9d74ef7c619b5b0577e909582a1928d93e07d271af18ba43e428dc3512c2a1"},
    {file = "rapidfuzz-3.6.1-cp39-cp39-musllinux_1_1_i686.whl", hash = "sha256:b53137d81e770c82189e07a8f32722d9e4260f13a0aec9914029206ead38cac3"},
    {file = "rapidfuzz-3.6.1-cp39-cp39-musllinux_1_1_ppc64le.whl", hash = "sha256:49b9ed2472394d306d5dc967a7de48b0aab599016aa4477127b20c2ed982dbf9"},
    {file = "rapidfuzz-3.6.1-cp39-cp39-musllinux_1_1_s390x.whl", hash = "sha256:dec307b57ec2d5054d77d03ee4f654afcd2c18aee00c48014cb70bfed79597d6"},
    {file = "rapidfuzz-3.6.1-cp39-cp39-musllinux_1_1_x86_64.whl", hash = "sha256:4381023fa1ff32fd5076f5d8321249a9aa62128eb3f21d7ee6a55373e672b261"},
    {file = "rapidfuzz-3.6.1-cp39-cp39-win32.whl", hash = "sha256:8d7a072f10ee57c8413c8ab9593086d42aaff6ee65df4aa6663eecdb7c398dca"},
    {file = "rapidfuzz-3.6.1-cp39-cp39-win_amd64.whl", hash = "sha256:ebcfb5bfd0a733514352cfc94224faad8791e576a80ffe2fd40b2177bf0e7198"},
    {file = "rapidfuzz-3.6.1-cp39-cp39-win_arm64.whl", hash = "sha256:1c47d592e447738744905c18dda47ed155620204714e6df20eb1941bb1ba315e"},
    {file = "rapidfuzz-3.6.1-pp38-pypy38_pp73-macosx_10_9_x86_64.whl", hash = "sha256:eef8b346ab331bec12bbc83ac75641249e6167fab3d84d8f5ca37fd8e6c7a08c"},
    {file = "rapidfuzz-3.6.1-pp38-pypy38_pp73-manylinux_2_17_aarch64.manylinux2014_aarch64.whl", hash = "sha256:53251e256017e2b87f7000aee0353ba42392c442ae0bafd0f6b948593d3f68c6"},
    {file = "rapidfuzz-3.6.1-pp38-pypy38_pp73-manylinux_2_17_i686.manylinux2014_i686.whl", hash = "sha256:6dede83a6b903e3ebcd7e8137e7ff46907ce9316e9d7e7f917d7e7cdc570ee05"},
    {file = "rapidfuzz-3.6.1-pp38-pypy38_pp73-manylinux_2_17_x86_64.manylinux2014_x86_64.whl", hash = "sha256:8e4da90e4c2b444d0a171d7444ea10152e07e95972bb40b834a13bdd6de1110c"},
    {file = "rapidfuzz-3.6.1-pp38-pypy38_pp73-win_amd64.whl", hash = "sha256:ca3dfcf74f2b6962f411c33dd95b0adf3901266e770da6281bc96bb5a8b20de9"},
    {file = "rapidfuzz-3.6.1-pp39-pypy39_pp73-macosx_10_9_x86_64.whl", hash = "sha256:bcc957c0a8bde8007f1a8a413a632a1a409890f31f73fe764ef4eac55f59ca87"},
    {file = "rapidfuzz-3.6.1-pp39-pypy39_pp73-manylinux_2_17_aarch64.manylinux2014_aarch64.whl", hash = "sha256:692c9a50bea7a8537442834f9bc6b7d29d8729a5b6379df17c31b6ab4df948c2"},
    {file = "rapidfuzz-3.6.1-pp39-pypy39_pp73-manylinux_2_17_i686.manylinux2014_i686.whl", hash = "sha256:76c23ceaea27e790ddd35ef88b84cf9d721806ca366199a76fd47cfc0457a81b"},
    {file = "rapidfuzz-3.6.1-pp39-pypy39_pp73-manylinux_2_17_x86_64.manylinux2014_x86_64.whl", hash = "sha256:2b155e67fff215c09f130555002e42f7517d0ea72cbd58050abb83cb7c880cec"},
    {file = "rapidfuzz-3.6.1-pp39-pypy39_pp73-win_amd64.whl", hash = "sha256:3028ee8ecc48250607fa8a0adce37b56275ec3b1acaccd84aee1f68487c8557b"},
    {file = "rapidfuzz-3.6.1.tar.gz", hash = "sha256:35660bee3ce1204872574fa041c7ad7ec5175b3053a4cb6e181463fc07013de7"},
]

[package.extras]
full = ["numpy"]

[[package]]
name = "ujson"
version = "5.8.0"
description = "Ultra fast JSON encoder and decoder for Python"
optional = false
python-versions = ">=3.8"
files = [
    {file = "ujson-5.8.0-cp310-cp310-macosx_10_9_x86_64.whl", hash = "sha256:f4511560d75b15ecb367eef561554959b9d49b6ec3b8d5634212f9fed74a6df1"},
    {file = "ujson-5.8.0-cp310-cp310-macosx_11_0_arm64.whl", hash = "sha256:9399eaa5d1931a0ead49dce3ffacbea63f3177978588b956036bfe53cdf6af75"},
    {file = "ujson-5.8.0-cp310-cp310-manylinux_2_17_aarch64.manylinux2014_aarch64.whl", hash = "sha256:c4e7bb7eba0e1963f8b768f9c458ecb193e5bf6977090182e2b4f4408f35ac76"},
    {file = "ujson-5.8.0-cp310-cp310-manylinux_2_17_x86_64.manylinux2014_x86_64.whl", hash = "sha256:40931d7c08c4ce99adc4b409ddb1bbb01635a950e81239c2382cfe24251b127a"},
    {file = "ujson-5.8.0-cp310-cp310-manylinux_2_5_i686.manylinux1_i686.manylinux_2_17_i686.manylinux2014_i686.whl", hash = "sha256:d53039d39de65360e924b511c7ca1a67b0975c34c015dd468fca492b11caa8f7"},
    {file = "ujson-5.8.0-cp310-cp310-musllinux_1_1_aarch64.whl", hash = "sha256:bdf04c6af3852161be9613e458a1fb67327910391de8ffedb8332e60800147a2"},
    {file = "ujson-5.8.0-cp310-cp310-musllinux_1_1_i686.whl", hash = "sha256:a70f776bda2e5072a086c02792c7863ba5833d565189e09fabbd04c8b4c3abba"},
    {file = "ujson-5.8.0-cp310-cp310-musllinux_1_1_x86_64.whl", hash = "sha256:f26629ac531d712f93192c233a74888bc8b8212558bd7d04c349125f10199fcf"},
    {file = "ujson-5.8.0-cp310-cp310-win32.whl", hash = "sha256:7ecc33b107ae88405aebdb8d82c13d6944be2331ebb04399134c03171509371a"},
    {file = "ujson-5.8.0-cp310-cp310-win_amd64.whl", hash = "sha256:3b27a8da7a080add559a3b73ec9ebd52e82cc4419f7c6fb7266e62439a055ed0"},
    {file = "ujson-5.8.0-cp311-cp311-macosx_10_9_x86_64.whl", hash = "sha256:193349a998cd821483a25f5df30b44e8f495423840ee11b3b28df092ddfd0f7f"},
    {file = "ujson-5.8.0-cp311-cp311-macosx_11_0_arm64.whl", hash = "sha256:4ddeabbc78b2aed531f167d1e70387b151900bc856d61e9325fcdfefb2a51ad8"},
    {file = "ujson-5.8.0-cp311-cp311-manylinux_2_17_aarch64.manylinux2014_aarch64.whl", hash = "sha256:5ce24909a9c25062e60653073dd6d5e6ec9d6ad7ed6e0069450d5b673c854405"},
    {file = "ujson-5.8.0-cp311-cp311-manylinux_2_17_x86_64.manylinux2014_x86_64.whl", hash = "sha256:27a2a3c7620ebe43641e926a1062bc04e92dbe90d3501687957d71b4bdddaec4"},
    {file = "ujson-5.8.0-cp311-cp311-manylinux_2_5_i686.manylinux1_i686.manylinux_2_17_i686.manylinux2014_i686.whl", hash = "sha256:2b852bdf920fe9f84e2a2c210cc45f1b64f763b4f7d01468b33f7791698e455e"},
    {file = "ujson-5.8.0-cp311-cp311-musllinux_1_1_aarch64.whl", hash = "sha256:20768961a6a706170497129960762ded9c89fb1c10db2989c56956b162e2a8a3"},
    {file = "ujson-5.8.0-cp311-cp311-musllinux_1_1_i686.whl", hash = "sha256:e0147d41e9fb5cd174207c4a2895c5e24813204499fd0839951d4c8784a23bf5"},
    {file = "ujson-5.8.0-cp311-cp311-musllinux_1_1_x86_64.whl", hash = "sha256:e3673053b036fd161ae7a5a33358ccae6793ee89fd499000204676baafd7b3aa"},
    {file = "ujson-5.8.0-cp311-cp311-win32.whl", hash = "sha256:a89cf3cd8bf33a37600431b7024a7ccf499db25f9f0b332947fbc79043aad879"},
    {file = "ujson-5.8.0-cp311-cp311-win_amd64.whl", hash = "sha256:3659deec9ab9eb19e8646932bfe6fe22730757c4addbe9d7d5544e879dc1b721"},
    {file = "ujson-5.8.0-cp312-cp312-macosx_10_9_x86_64.whl", hash = "sha256:102bf31c56f59538cccdfec45649780ae00657e86247c07edac434cb14d5388c"},
    {file = "ujson-5.8.0-cp312-cp312-macosx_11_0_arm64.whl", hash = "sha256:299a312c3e85edee1178cb6453645217ba23b4e3186412677fa48e9a7f986de6"},
    {file = "ujson-5.8.0-cp312-cp312-manylinux_2_17_aarch64.manylinux2014_aarch64.whl", hash = "sha256:f2e385a7679b9088d7bc43a64811a7713cc7c33d032d020f757c54e7d41931ae"},
    {file = "ujson-5.8.0-cp312-cp312-manylinux_2_17_x86_64.manylinux2014_x86_64.whl", hash = "sha256:ad24ec130855d4430a682c7a60ca0bc158f8253ec81feed4073801f6b6cb681b"},
    {file = "ujson-5.8.0-cp312-cp312-manylinux_2_5_i686.manylinux1_i686.manylinux_2_17_i686.manylinux2014_i686.whl", hash = "sha256:16fde596d5e45bdf0d7de615346a102510ac8c405098e5595625015b0d4b5296"},
    {file = "ujson-5.8.0-cp312-cp312-musllinux_1_1_aarch64.whl", hash = "sha256:6d230d870d1ce03df915e694dcfa3f4e8714369cce2346686dbe0bc8e3f135e7"},
    {file = "ujson-5.8.0-cp312-cp312-musllinux_1_1_i686.whl", hash = "sha256:9571de0c53db5cbc265945e08f093f093af2c5a11e14772c72d8e37fceeedd08"},
    {file = "ujson-5.8.0-cp312-cp312-musllinux_1_1_x86_64.whl", hash = "sha256:7cba16b26efe774c096a5e822e4f27097b7c81ed6fb5264a2b3f5fd8784bab30"},
    {file = "ujson-5.8.0-cp312-cp312-win32.whl", hash = "sha256:48c7d373ff22366eecfa36a52b9b55b0ee5bd44c2b50e16084aa88b9de038916"},
    {file = "ujson-5.8.0-cp312-cp312-win_amd64.whl", hash = "sha256:5ac97b1e182d81cf395ded620528c59f4177eee024b4b39a50cdd7b720fdeec6"},
    {file = "ujson-5.8.0-cp38-cp38-macosx_10_9_x86_64.whl", hash = "sha256:2a64cc32bb4a436e5813b83f5aab0889927e5ea1788bf99b930fad853c5625cb"},
    {file = "ujson-5.8.0-cp38-cp38-macosx_11_0_arm64.whl", hash = "sha256:e54578fa8838ddc722539a752adfce9372474114f8c127bb316db5392d942f8b"},
    {file = "ujson-5.8.0-cp38-cp38-manylinux_2_17_aarch64.manylinux2014_aarch64.whl", hash = "sha256:9721cd112b5e4687cb4ade12a7b8af8b048d4991227ae8066d9c4b3a6642a582"},
    {file = "ujson-5.8.0-cp38-cp38-manylinux_2_17_x86_64.manylinux2014_x86_64.whl", hash = "sha256:9d9707e5aacf63fb919f6237d6490c4e0244c7f8d3dc2a0f84d7dec5db7cb54c"},
    {file = "ujson-5.8.0-cp38-cp38-manylinux_2_5_i686.manylinux1_i686.manylinux_2_17_i686.manylinux2014_i686.whl", hash = "sha256:0be81bae295f65a6896b0c9030b55a106fb2dec69ef877253a87bc7c9c5308f7"},
    {file = "ujson-5.8.0-cp38-cp38-musllinux_1_1_aarch64.whl", hash = "sha256:ae7f4725c344bf437e9b881019c558416fe84ad9c6b67426416c131ad577df67"},
    {file = "ujson-5.8.0-cp38-cp38-musllinux_1_1_i686.whl", hash = "sha256:9ab282d67ef3097105552bf151438b551cc4bedb3f24d80fada830f2e132aeb9"},
    {file = "ujson-5.8.0-cp38-cp38-musllinux_1_1_x86_64.whl", hash = "sha256:94c7bd9880fa33fcf7f6d7f4cc032e2371adee3c5dba2922b918987141d1bf07"},
    {file = "ujson-5.8.0-cp38-cp38-win32.whl", hash = "sha256:bf5737dbcfe0fa0ac8fa599eceafae86b376492c8f1e4b84e3adf765f03fb564"},
    {file = "ujson-5.8.0-cp38-cp38-win_amd64.whl", hash = "sha256:11da6bed916f9bfacf13f4fc6a9594abd62b2bb115acfb17a77b0f03bee4cfd5"},
    {file = "ujson-5.8.0-cp39-cp39-macosx_10_9_x86_64.whl", hash = "sha256:69b3104a2603bab510497ceabc186ba40fef38ec731c0ccaa662e01ff94a985c"},
    {file = "ujson-5.8.0-cp39-cp39-macosx_11_0_arm64.whl", hash = "sha256:9249fdefeb021e00b46025e77feed89cd91ffe9b3a49415239103fc1d5d9c29a"},
    {file = "ujson-5.8.0-cp39-cp39-manylinux_2_17_aarch64.manylinux2014_aarch64.whl", hash = "sha256:2873d196725a8193f56dde527b322c4bc79ed97cd60f1d087826ac3290cf9207"},
    {file = "ujson-5.8.0-cp39-cp39-manylinux_2_17_x86_64.manylinux2014_x86_64.whl", hash = "sha256:6a4dafa9010c366589f55afb0fd67084acd8added1a51251008f9ff2c3e44042"},
    {file = "ujson-5.8.0-cp39-cp39-manylinux_2_5_i686.manylinux1_i686.manylinux_2_17_i686.manylinux2014_i686.whl", hash = "sha256:7a42baa647a50fa8bed53d4e242be61023bd37b93577f27f90ffe521ac9dc7a3"},
    {file = "ujson-5.8.0-cp39-cp39-musllinux_1_1_aarch64.whl", hash = "sha256:f3554eaadffe416c6f543af442066afa6549edbc34fe6a7719818c3e72ebfe95"},
    {file = "ujson-5.8.0-cp39-cp39-musllinux_1_1_i686.whl", hash = "sha256:fb87decf38cc82bcdea1d7511e73629e651bdec3a43ab40985167ab8449b769c"},
    {file = "ujson-5.8.0-cp39-cp39-musllinux_1_1_x86_64.whl", hash = "sha256:407d60eb942c318482bbfb1e66be093308bb11617d41c613e33b4ce5be789adc"},
    {file = "ujson-5.8.0-cp39-cp39-win32.whl", hash = "sha256:0fe1b7edaf560ca6ab023f81cbeaf9946a240876a993b8c5a21a1c539171d903"},
    {file = "ujson-5.8.0-cp39-cp39-win_amd64.whl", hash = "sha256:3f9b63530a5392eb687baff3989d0fb5f45194ae5b1ca8276282fb647f8dcdb3"},
    {file = "ujson-5.8.0-pp38-pypy38_pp73-macosx_10_9_x86_64.whl", hash = "sha256:efeddf950fb15a832376c0c01d8d7713479fbeceaed1eaecb2665aa62c305aec"},
    {file = "ujson-5.8.0-pp38-pypy38_pp73-manylinux_2_17_aarch64.manylinux2014_aarch64.whl", hash = "sha256:7d8283ac5d03e65f488530c43d6610134309085b71db4f675e9cf5dff96a8282"},
    {file = "ujson-5.8.0-pp38-pypy38_pp73-manylinux_2_17_x86_64.manylinux2014_x86_64.whl", hash = "sha256:eb0142f6f10f57598655340a3b2c70ed4646cbe674191da195eb0985a9813b83"},
    {file = "ujson-5.8.0-pp38-pypy38_pp73-manylinux_2_5_i686.manylinux1_i686.manylinux_2_17_i686.manylinux2014_i686.whl", hash = "sha256:07d459aca895eb17eb463b00441986b021b9312c6c8cc1d06880925c7f51009c"},
    {file = "ujson-5.8.0-pp38-pypy38_pp73-win_amd64.whl", hash = "sha256:d524a8c15cfc863705991d70bbec998456a42c405c291d0f84a74ad7f35c5109"},
    {file = "ujson-5.8.0-pp39-pypy39_pp73-macosx_10_9_x86_64.whl", hash = "sha256:d6f84a7a175c75beecde53a624881ff618e9433045a69fcfb5e154b73cdaa377"},
    {file = "ujson-5.8.0-pp39-pypy39_pp73-manylinux_2_17_aarch64.manylinux2014_aarch64.whl", hash = "sha256:b748797131ac7b29826d1524db1cc366d2722ab7afacc2ce1287cdafccddbf1f"},
    {file = "ujson-5.8.0-pp39-pypy39_pp73-manylinux_2_17_x86_64.manylinux2014_x86_64.whl", hash = "sha256:2e72ba76313d48a1a3a42e7dc9d1db32ea93fac782ad8dde6f8b13e35c229130"},
    {file = "ujson-5.8.0-pp39-pypy39_pp73-manylinux_2_5_i686.manylinux1_i686.manylinux_2_17_i686.manylinux2014_i686.whl", hash = "sha256:f504117a39cb98abba4153bf0b46b4954cc5d62f6351a14660201500ba31fe7f"},
    {file = "ujson-5.8.0-pp39-pypy39_pp73-win_amd64.whl", hash = "sha256:a8c91b6f4bf23f274af9002b128d133b735141e867109487d17e344d38b87d94"},
    {file = "ujson-5.8.0.tar.gz", hash = "sha256:78e318def4ade898a461b3d92a79f9441e7e0e4d2ad5419abed4336d702c7425"},
]

[metadata]
lock-version = "2.0"
python-versions = "^3.8"
content-hash = "115a19ba16d1d115285426d800ce29dfd242664123a3ed768d37fb7cbb9a7f2b"
